
Microsoft Visual Studio Solution File, Format Version 12.00
# Visual Studio Version 17
VisualStudioVersion = 17.4.33213.308
MinimumVisualStudioVersion = 10.0.40219.1
Project("{9A19103F-16F7-4668-BE54-9A1E7A4F7556}") = "HelloWorld", "HelloWorld\HelloWorld.csproj", "{8825258E-7305-4A9A-811D-12B77A4C613A}"
EndProject
Project("{9A19103F-16F7-4668-BE54-9A1E7A4F7556}") = "3_BasicSyntax", "3_BasicSyntax\3_BasicSyntax.csproj", "{3266EF8A-F7A7-4EC9-8FD9-47E893EC4C70}"
EndProject
Project("{9A19103F-16F7-4668-BE54-9A1E7A4F7556}") = "4_FunctionMethod", "4_FunctionMethod\4_FunctionMethod.csproj", "{4F4FB2AA-A3D1-42CF-B835-7C7A8EC07E0D}"
EndProject
Project("{9A19103F-16F7-4668-BE54-9A1E7A4F7556}") = "5_Class", "5_Class\5_Class.csproj", "{AA972842-FD5C-496A-95CA-6BFFB3D6297C}"
EndProject
Project("{FAE04EC0-301F-11D3-BF4B-00C04F79EFBC}") = "6_Collection", "6_Collection\6_Collection.csproj", "{66CBD494-3AE8-40FF-993A-6683736CA2E4}"
EndProject
Global
	GlobalSection(SolutionConfigurationPlatforms) = preSolution
		Debug|Any CPU = Debug|Any CPU
		Release|Any CPU = Release|Any CPU
	EndGlobalSection
	GlobalSection(ProjectConfigurationPlatforms) = postSolution
		{8825258E-7305-4A9A-811D-12B77A4C613A}.Debug|Any CPU.ActiveCfg = Debug|Any CPU
		{8825258E-7305-4A9A-811D-12B77A4C613A}.Debug|Any CPU.Build.0 = Debug|Any CPU
		{8825258E-7305-4A9A-811D-12B77A4C613A}.Release|Any CPU.ActiveCfg = Release|Any CPU
		{8825258E-7305-4A9A-811D-12B77A4C613A}.Release|Any CPU.Build.0 = Release|Any CPU
		{3266EF8A-F7A7-4EC9-8FD9-47E893EC4C70}.Debug|Any CPU.ActiveCfg = Debug|Any CPU
		{3266EF8A-F7A7-4EC9-8FD9-47E893EC4C70}.Debug|Any CPU.Build.0 = Debug|Any CPU
		{3266EF8A-F7A7-4EC9-8FD9-47E893EC4C70}.Release|Any CPU.ActiveCfg = Release|Any CPU
		{3266EF8A-F7A7-4EC9-8FD9-47E893EC4C70}.Release|Any CPU.Build.0 = Release|Any CPU
		{4F4FB2AA-A3D1-42CF-B835-7C7A8EC07E0D}.Debug|Any CPU.ActiveCfg = Debug|Any CPU
		{4F4FB2AA-A3D1-42CF-B835-7C7A8EC07E0D}.Debug|Any CPU.Build.0 = Debug|Any CPU
		{4F4FB2AA-A3D1-42CF-B835-7C7A8EC07E0D}.Release|Any CPU.ActiveCfg = Release|Any CPU
		{4F4FB2AA-A3D1-42CF-B835-7C7A8EC07E0D}.Release|Any CPU.Build.0 = Release|Any CPU
		{AA972842-FD5C-496A-95CA-6BFFB3D6297C}.Debug|Any CPU.ActiveCfg = Debug|Any CPU
		{AA972842-FD5C-496A-95CA-6BFFB3D6297C}.Debug|Any CPU.Build.0 = Debug|Any CPU
		{AA972842-FD5C-496A-95CA-6BFFB3D6297C}.Release|Any CPU.ActiveCfg = Release|Any CPU
		{AA972842-FD5C-496A-95CA-6BFFB3D6297C}.Release|Any CPU.Build.0 = Release|Any CPU
		{66CBD494-3AE8-40FF-993A-6683736CA2E4}.Debug|Any CPU.ActiveCfg = Debug|Any CPU
		{66CBD494-3AE8-40FF-993A-6683736CA2E4}.Debug|Any CPU.Build.0 = Debug|Any CPU
		{66CBD494-3AE8-40FF-993A-6683736CA2E4}.Release|Any CPU.ActiveCfg = Release|Any CPU
		{66CBD494-3AE8-40FF-993A-6683736CA2E4}.Release|Any CPU.Build.0 = Release|Any CPU
	EndGlobalSection
	GlobalSection(SolutionProperties) = preSolution
		HideSolutionNode = FALSE
	EndGlobalSection
	GlobalSection(ExtensibilityGlobals) = postSolution
		SolutionGuid = {90456AD9-4599-4AE3-BCAB-4CF3AF520E6A}
	EndGlobalSection
EndGlobal
